
Microsoft Visual Studio Solution File, Format Version 12.00
# Visual Studio 2012
Project("{8BC9CEB8-8B4A-11D0-8D11-00A0C91BC942}") = "Simulation-Zombies-Vs-Humains", "Simulation-Zombies-Vs-Humains.vcxproj", "{64B9A435-9845-4228-8F29-2DDE7E124B5E}"
EndProject
Global
	GlobalSection(SolutionConfigurationPlatforms) = preSolution
		Debug|Win32 = Debug|Win32
		Release|Win32 = Release|Win32
	EndGlobalSection
	GlobalSection(ProjectConfigurationPlatforms) = postSolution
		{64B9A435-9845-4228-8F29-2DDE7E124B5E}.Debug|Win32.ActiveCfg = Debug|Win32
		{64B9A435-9845-4228-8F29-2DDE7E124B5E}.Debug|Win32.Build.0 = Debug|Win32
		{64B9A435-9845-4228-8F29-2DDE7E124B5E}.Release|Win32.ActiveCfg = Release|Win32
		{64B9A435-9845-4228-8F29-2DDE7E124B5E}.Release|Win32.Build.0 = Release|Win32
	EndGlobalSection
	GlobalSection(SolutionProperties) = preSolution
		HideSolutionNode = FALSE
	EndGlobalSection
EndGlobal
